
Microsoft Visual Studio Solution File, Format Version 12.00
# Visual Studio 2012
Project("{FAE04EC0-301F-11D3-BF4B-00C04F79EFBC}") = "MvcShopping", "MvcShopping\MvcShopping.csproj", "{86386179-B784-43D5-A2AB-6970356D0EEC}"
EndProject
Global
	GlobalSection(SolutionConfigurationPlatforms) = preSolution
		Debug|Any CPU = Debug|Any CPU
		Release|Any CPU = Release|Any CPU
	EndGlobalSection
	GlobalSection(ProjectConfigurationPlatforms) = postSolution
		{86386179-B784-43D5-A2AB-6970356D0EEC}.Debug|Any CPU.ActiveCfg = Debug|Any CPU
		{86386179-B784-43D5-A2AB-6970356D0EEC}.Debug|Any CPU.Build.0 = Debug|Any CPU
		{86386179-B784-43D5-A2AB-6970356D0EEC}.Release|Any CPU.ActiveCfg = Release|Any CPU
		{86386179-B784-43D5-A2AB-6970356D0EEC}.Release|Any CPU.Build.0 = Release|Any CPU
	EndGlobalSection
	GlobalSection(SolutionProperties) = preSolution
		HideSolutionNode = FALSE
	EndGlobalSection
EndGlobal
